
Microsoft Visual Studio Solution File, Format Version 12.00
# Visual Studio 15
VisualStudioVersion = 15.0.27428.2015
MinimumVisualStudioVersion = 10.0.40219.1
Project("{FAE04EC0-301F-11D3-BF4B-00C04F79EFBC}") = "RazorPagesMovie", "RazorPagesMovie\RazorPagesMovie.csproj", "{B44ED550-2361-4672-843D-3F01DA305C8C}"
EndProject
Global
	GlobalSection(SolutionConfigurationPlatforms) = preSolution
		Debug|Any CPU = Debug|Any CPU
		Release|Any CPU = Release|Any CPU
	EndGlobalSection
	GlobalSection(ProjectConfigurationPlatforms) = postSolution
		{B44ED550-2361-4672-843D-3F01DA305C8C}.Debug|Any CPU.ActiveCfg = Debug|Any CPU
		{B44ED550-2361-4672-843D-3F01DA305C8C}.Debug|Any CPU.Build.0 = Debug|Any CPU
		{B44ED550-2361-4672-843D-3F01DA305C8C}.Release|Any CPU.ActiveCfg = Release|Any CPU
		{B44ED550-2361-4672-843D-3F01DA305C8C}.Release|Any CPU.Build.0 = Release|Any CPU
	EndGlobalSection
	GlobalSection(SolutionProperties) = preSolution
		HideSolutionNode = FALSE
	EndGlobalSection
	GlobalSection(ExtensibilityGlobals) = postSolution
		SolutionGuid = {BF529955-D1CC-4BB0-807A-8E588D61326B}
	EndGlobalSection
EndGlobal
